
Microsoft Visual Studio Solution File, Format Version 12.00
# Visual Studio Version 16
VisualStudioVersion = 16.0.30803.129
MinimumVisualStudioVersion = 10.0.40219.1
Project("{FAE04EC0-301F-11D3-BF4B-00C04F79EFBC}") = "BitIdentityServerJwtTokenSample", "BitIdentityServerJwtTokenSample.csproj", "{FE6B4FEE-53F5-4F69-9352-DF4A326704C8}"
EndProject
Global
	GlobalSection(SolutionConfigurationPlatforms) = preSolution
		Debug|Any CPU = Debug|Any CPU
		Release|Any CPU = Release|Any CPU
	EndGlobalSection
	GlobalSection(ProjectConfigurationPlatforms) = postSolution
		{FE6B4FEE-53F5-4F69-9352-DF4A326704C8}.Debug|Any CPU.ActiveCfg = Debug|Any CPU
		{FE6B4FEE-53F5-4F69-9352-DF4A326704C8}.Debug|Any CPU.Build.0 = Debug|Any CPU
		{FE6B4FEE-53F5-4F69-9352-DF4A326704C8}.Release|Any CPU.ActiveCfg = Release|Any CPU
		{FE6B4FEE-53F5-4F69-9352-DF4A326704C8}.Release|Any CPU.Build.0 = Release|Any CPU
	EndGlobalSection
	GlobalSection(SolutionProperties) = preSolution
		HideSolutionNode = FALSE
	EndGlobalSection
	GlobalSection(ExtensibilityGlobals) = postSolution
		SolutionGuid = {7CF9C979-3460-4D70-9F68-96777FD9E75B}
	EndGlobalSection
EndGlobal
